<?xml version="1.0" encoding="utf-8"?>
<Project ToolsVersion="4.0" xmlns="http://schemas.microsoft.com/developer/msbuild/2003">
  <ItemGroup>
    <ClCompile Include="src\particles\Particlesystem.cpp">
      <Filter>particles</Filter>
    </ClCompile>
    <ClCompile Include="src\utils\hud.cpp">
      <Filter>utils</Filter>
    </ClCompile>
    <ClCompile Include="src\lib\math.cpp">
      <Filter>lib</Filter>
    </ClCompile>
    <ClCompile Include="src\lib\tweening.cpp">
      <Filter>lib</Filter>
    </ClCompile>
    <ClCompile Include="src\main.cpp" />
    <ClCompile Include="src\states\GameState.cpp">
      <Filter>states</Filter>
    </ClCompile>
    <ClCompile Include="src\utils\ElasticBorder.cpp">
      <Filter>utils</Filter>
    </ClCompile>
    <ClCompile Include="src\lib\HexGrid.cpp">
      <Filter>lib</Filter>
    </ClCompile>
    <ClCompile Include="src\lib\BlockArray.cpp">
      <Filter>lib</Filter>
    </ClCompile>
    <ClCompile Include="src\states\MainState.cpp">
      <Filter>states</Filter>
    </ClCompile>
    <ClCompile Include="src\utils\highscores.cpp">
      <Filter>utils</Filter>
    </ClCompile>
    <ClCompile Include="src\states\ArenaStateMachine.cpp">
      <Filter>states</Filter>
    </ClCompile>
    <ClCompile Include="src\sandbox\TextureViewerState.cpp">
      <Filter>sandbox</Filter>
    </ClCompile>
    <ClCompile Include="src\sandbox\SpriteEditorState.cpp">
      <Filter>sandbox</Filter>
    </ClCompile>
  </ItemGroup>
  <ItemGroup>
    <ClInclude Include="src\particles\Particlesystem.h">
      <Filter>particles</Filter>
    </ClInclude>
    <ClInclude Include="src\utils\hud.h">
      <Filter>utils</Filter>
    </ClInclude>
    <ClInclude Include="src\utils\Stack.h">
      <Filter>lib</Filter>
    </ClInclude>
    <ClInclude Include="src\lib\DataArray.h">
      <Filter>lib</Filter>
    </ClInclude>
    <ClInclude Include="src\lib\DynamicArray.h">
      <Filter>lib</Filter>
    </ClInclude>
    <ClInclude Include="src\lib\FloatArray.h">
      <Filter>lib</Filter>
    </ClInclude>
    <ClInclude Include="src\lib\math.h">
      <Filter>lib</Filter>
    </ClInclude>
    <ClInclude Include="src\lib\tweening.h">
      <Filter>lib</Filter>
    </ClInclude>
    <ClInclude Include="src\states\GameState.h">
      <Filter>states</Filter>
    </ClInclude>
    <ClInclude Include="src\utils\ElasticBorder.h">
      <Filter>utils</Filter>
    </ClInclude>
    <ClInclude Include="src\lib\HexGrid.h">
      <Filter>lib</Filter>
    </ClInclude>
    <ClInclude Include="src\lib\BlockArray.h">
      <Filter>lib</Filter>
    </ClInclude>
    <ClInclude Include="src\states\MainState.h">
      <Filter>states</Filter>
    </ClInclude>
    <ClInclude Include="src\utils\GameContext.h">
      <Filter>utils</Filter>
    </ClInclude>
    <ClInclude Include="src\utils\highscores.h">
      <Filter>utils</Filter>
    </ClInclude>
    <ClInclude Include="src\states\ArenaStateMachine.h">
      <Filter>states</Filter>
    </ClInclude>
    <ClInclude Include="ext\ds_tweakable.h">
      <Filter>ext</Filter>
    </ClInclude>
    <ClInclude Include="ext\ds_imgui.h">
      <Filter>ext</Filter>
    </ClInclude>
    <ClInclude Include="ext\SpriteBatchBuffer.h">
      <Filter>ext</Filter>
    </ClInclude>
    <ClInclude Include="src\sandbox\TextureViewerState.h">
      <Filter>sandbox</Filter>
    </ClInclude>
    <ClInclude Include="src\sandbox\SpriteEditorState.h">
      <Filter>sandbox</Filter>
    </ClInclude>
  </ItemGroup>
  <ItemGroup>
    <Filter Include="particles">
      <UniqueIdentifier>{824f6684-751a-4726-a699-e92475cff587}</UniqueIdentifier>
    </Filter>
    <Filter Include="utils">
      <UniqueIdentifier>{be81c676-5732-48fd-93d0-76cbf5604ada}</UniqueIdentifier>
    </Filter>
    <Filter Include="shaders">
      <UniqueIdentifier>{0e0bfeba-f7f9-4d3b-896d-33a5482fc3b9}</UniqueIdentifier>
    </Filter>
    <Filter Include="states">
      <UniqueIdentifier>{2e969e4a-cb7a-4366-8c6b-16e681b85f33}</UniqueIdentifier>
    </Filter>
    <Filter Include="lib">
      <UniqueIdentifier>{2c006d86-9641-4fdb-bb2a-c94ca41ae283}</UniqueIdentifier>
    </Filter>
    <Filter Include="ext">
      <UniqueIdentifier>{98ea06fc-ccf3-46e4-9334-6b1c0c9ecd4b}</UniqueIdentifier>
    </Filter>
    <Filter Include="sandbox">
      <UniqueIdentifier>{700a530a-be13-475e-9106-867eb487c8a3}</UniqueIdentifier>
    </Filter>
  </ItemGroup>
  <ItemGroup>
    <None Include="shaders\Border_PS_Main.inc">
      <Filter>shaders</Filter>
    </None>
    <None Include="shaders\Border_VS_Main.inc">
      <Filter>shaders</Filter>
    </None>
  </ItemGroup>
</Project>